
Microsoft Visual Studio Solution File, Format Version 12.00
# Visual Studio Version 17
VisualStudioVersion = 17.14.36310.24 d17.14
MinimumVisualStudioVersion = 10.0.40219.1
Project("{FAE04EC0-301F-11D3-BF4B-00C04F79EFBC}") = "Demoapp", "Demoapp\Demoapp.csproj", "{4BFD83B4-4724-4C51-81EB-5276F8E6F6DA}"
EndProject
Global
	GlobalSection(SolutionConfigurationPlatforms) = preSolution
		Debug|Any CPU = Debug|Any CPU
		Release|Any CPU = Release|Any CPU
	EndGlobalSection
	GlobalSection(ProjectConfigurationPlatforms) = postSolution
		{4BFD83B4-4724-4C51-81EB-5276F8E6F6DA}.Debug|Any CPU.ActiveCfg = Debug|Any CPU
		{4BFD83B4-4724-4C51-81EB-5276F8E6F6DA}.Debug|Any CPU.Build.0 = Debug|Any CPU
		{4BFD83B4-4724-4C51-81EB-5276F8E6F6DA}.Release|Any CPU.ActiveCfg = Release|Any CPU
		{4BFD83B4-4724-4C51-81EB-5276F8E6F6DA}.Release|Any CPU.Build.0 = Release|Any CPU
	EndGlobalSection
	GlobalSection(SolutionProperties) = preSolution
		HideSolutionNode = FALSE
	EndGlobalSection
	GlobalSection(ExtensibilityGlobals) = postSolution
		SolutionGuid = {3F5047F3-BA1A-429A-BECE-27D399DEC0A7}
	EndGlobalSection
EndGlobal
